
Microsoft Visual Studio Solution File, Format Version 12.00
# Visual Studio Version 16
VisualStudioVersion = 16.0.31205.134
MinimumVisualStudioVersion = 10.0.40219.1
Project("{9A19103F-16F7-4668-BE54-9A1E7A4F7556}") = "CFeClientDownloader.Core", "CFeClientDownloader.Core\CFeClientDownloader.Core.csproj", "{7DAE3B5C-45D8-403C-ADB3-EF3C2F9B9DC5}"
EndProject
Global
	GlobalSection(SolutionConfigurationPlatforms) = preSolution
		Debug|Any CPU = Debug|Any CPU
		Release|Any CPU = Release|Any CPU
	EndGlobalSection
	GlobalSection(ProjectConfigurationPlatforms) = postSolution
		{7DAE3B5C-45D8-403C-ADB3-EF3C2F9B9DC5}.Debug|Any CPU.ActiveCfg = Debug|Any CPU
		{7DAE3B5C-45D8-403C-ADB3-EF3C2F9B9DC5}.Debug|Any CPU.Build.0 = Debug|Any CPU
		{7DAE3B5C-45D8-403C-ADB3-EF3C2F9B9DC5}.Release|Any CPU.ActiveCfg = Release|Any CPU
		{7DAE3B5C-45D8-403C-ADB3-EF3C2F9B9DC5}.Release|Any CPU.Build.0 = Release|Any CPU
	EndGlobalSection
	GlobalSection(SolutionProperties) = preSolution
		HideSolutionNode = FALSE
	EndGlobalSection
	GlobalSection(ExtensibilityGlobals) = postSolution
		SolutionGuid = {3D5D5C49-39D6-41C1-A68E-C48A6E80DB9F}
	EndGlobalSection
EndGlobal
